# THIS IS AN AUTOGENERATED FILE. DO NOT EDIT THIS FILE DIRECTLY.
# yarn lockfile v1


"@types/vscode@^1.43.0":
  version "1.43.0"
  resolved "https://registry.npmjs.org/@types/vscode/-/vscode-1.43.0.tgz#22276e60034c693b33117f1068ffaac0e89522db"
  integrity sha512-kIaR9qzd80rJOxePKpCB/mdy00mz8Apt2QA5Y6rdrKFn13QNFNeP3Hzmsf37Bwh/3cS7QjtAeGSK7wSqAU0sYQ==
